// !$*UTF8*$!
{
	archiveVersion = 1;
	classes = {
	};
	objectVersion = 48;
	objects = {

/* Begin PBXBuildFile section */
		DB51A3CD1F30317000F10581 /* AppDelegate.swift in Sources */ = {isa = PBXBuildFile; fileRef = DB51A3CC1F30317000F10581 /* AppDelegate.swift */; };
		DB51A3CF1F30317000F10581 /* ViewController.swift in Sources */ = {isa = PBXBuildFile; fileRef = DB51A3CE1F30317000F10581 /* ViewController.swift */; };
		DB51A3D21F30317000F10581 /* Main.storyboard in Resources */ = {isa = PBXBuildFile; fileRef = DB51A3D01F30317000F10581 /* Main.storyboard */; };
		DB51A3D41F30317000F10581 /* Assets.xcassets in Resources */ = {isa = PBXBuildFile; fileRef = DB51A3D31F30317000F10581 /* Assets.xcassets */; };
		DB51A3D71F30317000F10581 /* LaunchScreen.storyboard in Resources */ = {isa = PBXBuildFile; fileRef = DB51A3D51F30317000F10581 /* LaunchScreen.storyboard */; };
/* End PBXBuildFile section */

/* Begin PBXFileReference section */
		DB51A3C91F30317000F10581 /* nsfwDetector.app */ = {isa = PBXFileReference; explicitFileType = wrapper.application; includeInIndex = 0; path = nsfwDetector.app; sourceTree = BUILT_PRODUCTS_DIR; };
		DB51A3CC1F30317000F10581 /* AppDelegate.swift */ = {isa = PBXFileReference; lastKnownFileType = sourcecode.swift; path = AppDelegate.swift; sourceTree = "<group>"; };
		DB51A3CE1F30317000F10581 /* ViewController.swift */ = {isa = PBXFileReference; lastKnownFileType = sourcecode.swift; path = ViewController.swift; sourceTree = "<group>"; };
		DB51A3D11F30317000F10581 /* Base */ = {isa = PBXFileReference; lastKnownFileType = file.storyboard; name = Base; path = Base.lproj/Main.storyboard; sourceTree = "<group>"; };
		DB51A3D31F30317000F10581 /* Assets.xcassets */ = {isa = PBXFileReference; lastKnownFileType = folder.assetcatalog; path = Assets.xcassets; sourceTree = "<group>"; };
		DB51A3D61F30317000F10581 /* Base */ = {isa = PBXFileReference; lastKnownFileType = file.storyboard; name = Base; path = Base.lproj/LaunchScreen.storyboard; sourceTree = "<group>"; };
		DB51A3D81F30317000F10581 /* Info.plist */ = {isa = PBXFileReference; lastKnownFileType = text.plist.xml; path = Info.plist; sourceTree = "<group>"; };
		DBADA3591F30FEFE00C9D77D /* nsfw.mlmodel */ = {isa = PBXFileReference; lastKnownFileType = file.mlmodel; path = nsfw.mlmodel; sourceTree = "<group>"; };
/* End PBXFileReference section */

/* Begin PBXFrameworksBuildPhase section */
		DB51A3C61F30317000F10581 /* Frameworks */ = {
			isa = PBXFrameworksBuildPhase;
			buildActionMask = 2147483647;
			files = (
			);
			runOnlyForDeploymentPostprocessing = 0;
		};
/* End PBXFrameworksBuildPhase section */

/* Begin PBXGroup section */
		DB51A3C01F30317000F10581 = {
			isa = PBXGroup;
			children = (
				DB51A3CB1F30317000F10581 /* nsfwDetector */,
				DB51A3CA1F30317000F10581 /* Products */,
			);
			sourceTree = "<group>";
		};
		DB51A3CA1F30317000F10581 /* Products */ = {
			isa = PBXGroup;
			children = (
				DB51A3C91F30317000F10581 /* nsfwDetector.app */,
			);
			name = Products;
			sourceTree = "<group>";
		};
		DB51A3CB1F30317000F10581 /* nsfwDetector */ = {
			isa = PBXGroup;
			children = (
				DB51A3CC1F30317000F10581 /* AppDelegate.swift */,
				DB51A3CE1F30317000F10581 /* ViewController.swift */,
				DB51A3D01F30317000F10581 /* Main.storyboard */,
				DB51A3D31F30317000F10581 /* Assets.xcassets */,
				DBADA3591F30FEFE00C9D77D /* nsfw.mlmodel */,
				DB51A3D51F30317000F10581 /* LaunchScreen.storyboard */,
				DB51A3D81F30317000F10581 /* Info.plist */,
			);
			path = nsfwDetector;
			sourceTree = "<group>";
		};
/* End PBXGroup section */

/* Begin PBXNativeTarget section */
		DB51A3C81F30317000F10581 /* nsfwDetector */ = {
			isa = PBXNativeTarget;
			buildConfigurationList = DB51A3DB1F30317000F10581 /* Build configuration list for PBXNativeTarget "nsfwDetector" */;
			buildPhases = (
				DB51A3C51F30317000F10581 /* Sources */,
				DB51A3C61F30317000F10581 /* Frameworks */,
				DB51A3C71F30317000F10581 /* Resources */,
			);
			buildRules = (
			);
			dependencies = (
			);
			name = nsfwDetector;
			productName = nsfwDetector;
			productReference = DB51A3C91F30317000F10581 /* nsfwDetector.app */;
			productType = "com.apple.product-type.application";
		};
/* End PBXNativeTarget section */

/* Begin PBXProject section */
		DB51A3C11F30317000F10581 /* Project object */ = {
			isa = PBXProject;
			attributes = {
				LastSwiftUpdateCheck = 0900;
				LastUpgradeCheck = 0900;
				ORGANIZATIONNAME = "Yiwei Ni";
				TargetAttributes = {
					DB51A3C81F30317000F10581 = {
						CreatedOnToolsVersion = 9.0;
					};
				};
			};
			buildConfigurationList = DB51A3C41F30317000F10581 /* Build configuration list for PBXProject "nsfwDetector" */;
			compatibilityVersion = "Xcode 8.0";
			developmentRegion = en;
			hasScannedForEncodings = 0;
			knownRegions = (
				en,
				Base,
			);
			mainGroup = DB51A3C01F30317000F10581;
			productRefGroup = DB51A3CA1F30317000F10581 /* Products */;
			projectDirPath = "";
			projectRoot = "";
			targets = (
				DB51A3C81F30317000F10581 /* nsfwDetector */,
			);
		};
/* End PBXProject section */

/* Begin PBXResourcesBuildPhase section */
		DB51A3C71F30317000F10581 /* Resources */ = {
			isa = PBXResourcesBuildPhase;
			buildActionMask = 2147483647;
			files = (
				DB51A3D71F30317000F10581 /* LaunchScreen.storyboard in Resources */,
				DB51A3D41F30317000F10581 /* Assets.xcassets in Resources */,
				DB51A3D21F30317000F10581 /* Main.storyboard in Resources */,
			);
			runOnlyForDeploymentPostprocessing = 0;
		};
/* End PBXResourcesBuildPhase section */

/* Begin PBXSourcesBuildPhase section */
		DB51A3C51F30317000F10581 /* Sources */ = {
			isa = PBXSourcesBuildPhase;
			buildActionMask = 2147483647;
			files = (
				DB51A3CF1F30317000F10581 /* ViewController.swift in Sources */,
				DB51A3CD1F30317000F10581 /* AppDelegate.swift in Sources */,
			);
			runOnlyForDeploymentPostprocessing = 0;
		};
/* End PBXSourcesBuildPhase section */

/* Begin PBXVariantGroup section */
		DB51A3D01F30317000F10581 /* Main.storyboard */ = {
			isa = PBXVariantGroup;
			children = (
				DB51A3D11F30317000F10581 /* Base */,
			);
			name = Main.storyboard;
			sourceTree = "<group>";
		};
		DB51A3D51F30317000F10581 /* LaunchScreen.storyboard */ = {
			isa = PBXVariantGroup;
			children = (
				DB51A3D61F30317000F10581 /* Base */,
			);
			name = LaunchScreen.storyboard;
			sourceTree = "<group>";
		};
/* End PBXVariantGroup section */

/* Begin XCBuildConfiguration section */
		DB51A3D91F30317000F10581 /* Debug */ = {
			isa = XCBuildConfiguration;
			buildSettings = {
				ALWAYS_SEARCH_USER_PATHS = NO;
				CLANG_ANALYZER_NONNULL = YES;
				CLANG_ANALYZER_NUMBER_OBJECT_CONVERSION = YES_AGGRESSIVE;
				CLANG_CXX_LANGUAGE_STANDARD = "gnu++14";
				CLANG_CXX_LIBRARY = "libc++";
				CLANG_ENABLE_MODULES = YES;
				CLANG_ENABLE_OBJC_ARC = YES;
				CLANG_WARN_BLOCK_CAPTURE_AUTORELEASING = YES;
				CLANG_WARN_BOOL_CONVERSION = YES;
				CLANG_WARN_COMMA = YES;
				CLANG_WARN_CONSTANT_CONVERSION = YES;
				CLANG_WARN_DIRECT_OBJC_ISA_USAGE = YES_ERROR;
				CLANG_WARN_DOCUMENTATION_COMMENTS = YES;
				CLANG_WARN_EMPTY_BODY = YES;
				CLANG_WARN_ENUM_CONVERSION = YES;
				CLANG_WARN_INFINITE_RECURSION = YES;
				CLANG_WARN_INT_CONVERSION = YES;
				CLANG_WARN_NON_LITERAL_NULL_CONVERSION = YES;
				CLANG_WARN_OBJC_LITERAL_CONVERSION = YES;
				CLANG_WARN_OBJC_ROOT_CLASS = YES_ERROR;
				CLANG_WARN_RANGE_LOOP_ANALYSIS = YES;
				CLANG_WARN_STRICT_PROTOTYPES = YES;
				CLANG_WARN_SUSPICIOUS_MOVE = YES;
				CLANG_WARN_UNGUARDED_AVAILABILITY = YES_AGGRESSIVE;
				CLANG_WARN_UNREACHABLE_CODE = YES;
				CLANG_WARN__DUPLICATE_METHOD_MATCH = YES;
				CODE_SIGN_IDENTITY = "iPhone Developer";
				COPY_PHASE_STRIP = NO;
				DEBUG_INFORMATION_FORMAT = dwarf;
				ENABLE_STRICT_OBJC_MSGSEND = YES;
				ENABLE_TESTABILITY = YES;
				GCC_C_LANGUAGE_STANDARD = gnu11;
				GCC_DYNAMIC_NO_PIC = NO;
				GCC_NO_COMMON_BLOCKS = YES;
				GCC_OPTIMIZATION_LEVEL = 0;
				GCC_PREPROCESSOR_DEFINITIONS = (
					"DEBUG=1",
					"$(inherited)",
				);
				GCC_WARN_64_TO_32_BIT_CONVERSION = YES;
				GCC_WARN_ABOUT_RETURN_TYPE = YES_ERROR;
				GCC_WARN_UNDECLARED_SELECTOR = YES;
				GCC_WARN_UNINITIALIZED_AUTOS = YES_AGGRESSIVE;
				GCC_WARN_UNUSED_FUNCTION = YES;
				GCC_WARN_UNUSED_VARIABLE = YES;
				IPHONEOS_DEPLOYMENT_TARGET = 11.0;
				MTL_ENABLE_DEBUG_INFO = YES;
				ONLY_ACTIVE_ARCH = YES;
				SDKROOT = iphoneos;
				SWIFT_ACTIVE_COMPILATION_CONDITIONS = DEBUG;
				SWIFT_OPTIMIZATION_LEVEL = "-Onone";
			};
			name = Debug;
		};
		DB51A3DA1F30317000F10581 /* Release */ = {
			isa = XCBuildConfiguration;
			buildSettings = {
				ALWAYS_SEARCH_USER_PATHS = NO;
				CLANG_ANALYZER_NONNULL = YES;
				CLANG_ANALYZER_NUMBER_OBJECT_CONVERSION = YES_AGGRESSIVE;
				CLANG_CXX_LANGUAGE_STANDARD = "gnu++14";
				CLANG_CXX_LIBRARY = "libc++";
				CLANG_ENABLE_MODULES = YES;
				CLANG_ENABLE_OBJC_ARC = YES;
				CLANG_WARN_BLOCK_CAPTURE_AUTORELEASING = YES;
				CLANG_WARN_BOOL_CONVERSION = YES;
				CLANG_WARN_COMMA = YES;
				CLANG_WARN_CONSTANT_CONVERSION = YES;
				CLANG_WARN_DIRECT_OBJC_ISA_USAGE = YES_ERROR;
				CLANG_WARN_DOCUMENTATION_COMMENTS = YES;
				CLANG_WARN_EMPTY_BODY = YES;
				CLANG_WARN_ENUM_CONVERSION = YES;
				CLANG_WARN_INFINITE_RECURSION = YES;
				CLANG_WARN_INT_CONVERSION = YES;
				CLANG_WARN_NON_LITERAL_NULL_CONVERSION = YES;
				CLANG_WARN_OBJC_LITERAL_CONVERSION = YES;
				CLANG_WARN_OBJC_ROOT_CLASS = YES_ERROR;
				CLANG_WARN_RANGE_LOOP_ANALYSIS = YES;
				CLANG_WARN_STRICT_PROTOTYPES = YES;
				CLANG_WARN_SUSPICIOUS_MOVE = YES;
				CLANG_WARN_UNGUARDED_AVAILABILITY = YES_AGGRESSIVE;
				CLANG_WARN_UNREACHABLE_CODE = YES;
				CLANG_WARN__DUPLICATE_METHOD_MATCH = YES;
				CODE_SIGN_IDENTITY = "iPhone Developer";
				COPY_PHASE_STRIP = NO;
				DEBUG_INFORMATION_FORMAT = "dwarf-with-dsym";
				ENABLE_NS_ASSERTIONS = NO;
				ENABLE_STRICT_OBJC_MSGSEND = YES;
				GCC_C_LANGUAGE_STANDARD = gnu11;
				GCC_NO_COMMON_BLOCKS = YES;
				GCC_WARN_64_TO_32_BIT_CONVERSION = YES;
				GCC_WARN_ABOUT_RETURN_TYPE = YES_ERROR;
				GCC_WARN_UNDECLARED_SELECTOR = YES;
				GCC_WARN_UNINITIALIZED_AUTOS = YES_AGGRESSIVE;
				GCC_WARN_UNUSED_FUNCTION = YES;
				GCC_WARN_UNUSED_VARIABLE = YES;
				IPHONEOS_DEPLOYMENT_TARGET = 11.0;
				MTL_ENABLE_DEBUG_INFO = NO;
				SDKROOT = iphoneos;
				SWIFT_OPTIMIZATION_LEVEL = "-Owholemodule";
				VALIDATE_PRODUCT = YES;
			};
			name = Release;
		};
		DB51A3DC1F30317000F10581 /* Debug */ = {
			isa = XCBuildConfiguration;
			buildSettings = {
				ASSETCATALOG_COMPILER_APPICON_NAME = AppIcon;
				DEVELOPMENT_TEAM = "";
				INFOPLIST_FILE = nsfwDetector/Info.plist;
				LD_RUNPATH_SEARCH_PATHS = "$(inherited) @executable_path/Frameworks";
				PRODUCT_BUNDLE_IDENTIFIER = abc.nsfwDetector;
				PRODUCT_NAME = "$(TARGET_NAME)";
				SWIFT_VERSION = 4.0;
				TARGETED_DEVICE_FAMILY = "1,2";
			};
			name = Debug;
		};
		DB51A3DD1F30317000F10581 /* Release */ = {
			isa = XCBuildConfiguration;
			buildSettings = {
				ASSETCATALOG_COMPILER_APPICON_NAME = AppIcon;
				DEVELOPMENT_TEAM = "";
				INFOPLIST_FILE = nsfwDetector/Info.plist;
				LD_RUNPATH_SEARCH_PATHS = "$(inherited) @executable_path/Frameworks";
				PRODUCT_BUNDLE_IDENTIFIER = abc.nsfwDetector;
				PRODUCT_NAME = "$(TARGET_NAME)";
				SWIFT_VERSION = 4.0;
				TARGETED_DEVICE_FAMILY = "1,2";
			};
			name = Release;
		};
/* End XCBuildConfiguration section */

/* Begin XCConfigurationList section */
		DB51A3C41F30317000F10581 /* Build configuration list for PBXProject "nsfwDetector" */ = {
			isa = XCConfigurationList;
			buildConfigurations = (
				DB51A3D91F30317000F10581 /* Debug */,
				DB51A3DA1F30317000F10581 /* Release */,
			);
			defaultConfigurationIsVisible = 0;
			defaultConfigurationName = Release;
		};
		DB51A3DB1F30317000F10581 /* Build configuration list for PBXNativeTarget "nsfwDetector" */ = {
			isa = XCConfigurationList;
			buildConfigurations = (
				DB51A3DC1F30317000F10581 /* Debug */,
				DB51A3DD1F30317000F10581 /* Release */,
			);
			defaultConfigurationIsVisible = 0;
			defaultConfigurationName = Release;
		};
/* End XCConfigurationList section */
	};
	rootObject = DB51A3C11F30317000F10581 /* Project object */;
}
